// !$*UTF8*$!
{
	archiveVersion = 1;
	classes = {
	};
	objectVersion = 56;
	objects = {

/* Begin PBXBuildFile section */
		9C12FFBC292B3780001506FC /* PhotoInfoViewModel.swift in Sources */ = {isa = PBXBuildFile; fileRef = 9C12FFBB292B3780001506FC /* PhotoInfoViewModel.swift */; };
		9C12FFC1292C607B001506FC /* PhotoBuddy.xcdatamodeld in Sources */ = {isa = PBXBuildFile; fileRef = 9C12FFBF292C607B001506FC /* PhotoBuddy.xcdatamodeld */; };
		9C12FFCB292C75ED001506FC /* FavoritesViewModel.swift in Sources */ = {isa = PBXBuildFile; fileRef = 9C12FFCA292C75ED001506FC /* FavoritesViewModel.swift */; };
		9C12FFCD292C7734001506FC /* PhotoListViewModel.swift in Sources */ = {isa = PBXBuildFile; fileRef = 9C12FFCC292C7734001506FC /* PhotoListViewModel.swift */; };
		9C12FFCF292DA7DD001506FC /* CoreDataStack.swift in Sources */ = {isa = PBXBuildFile; fileRef = 9C12FFCE292DA7DD001506FC /* CoreDataStack.swift */; };
		9C45E16F2921CBD000547B6D /* BriefPhotoInfo.swift in Sources */ = {isa = PBXBuildFile; fileRef = 9C45E16E2921CBD000547B6D /* BriefPhotoInfo.swift */; };
		9C45E1722921D29A00547B6D /* PhotosResponse.swift in Sources */ = {isa = PBXBuildFile; fileRef = 9C45E1712921D29A00547B6D /* PhotosResponse.swift */; };
		9C45E1742921D2A800547B6D /* DetailPhotoInfo.swift in Sources */ = {isa = PBXBuildFile; fileRef = 9C45E1732921D2A800547B6D /* DetailPhotoInfo.swift */; };
		9C45E1762921D3DA00547B6D /* Location.swift in Sources */ = {isa = PBXBuildFile; fileRef = 9C45E1752921D3DA00547B6D /* Location.swift */; };
		9C45E17B2921E7AF00547B6D /* SearchResultsViewModel.swift in Sources */ = {isa = PBXBuildFile; fileRef = 9C45E17A2921E7AF00547B6D /* SearchResultsViewModel.swift */; };
		9C45E17D2921E7C300547B6D /* CellViewModel.swift in Sources */ = {isa = PBXBuildFile; fileRef = 9C45E17C2921E7C300547B6D /* CellViewModel.swift */; };
		9C45E17F2921FA3900547B6D /* Box.swift in Sources */ = {isa = PBXBuildFile; fileRef = 9C45E17E2921FA3900547B6D /* Box.swift */; };
		9C45E18129231F4A00547B6D /* BlurHashDecode.swift in Sources */ = {isa = PBXBuildFile; fileRef = 9C45E18029231F4A00547B6D /* BlurHashDecode.swift */; };
		9C45E1832923258700547B6D /* PhotoCell.swift in Sources */ = {isa = PBXBuildFile; fileRef = 9C45E1822923258700547B6D /* PhotoCell.swift */; };
		9C5E5346292EFD13006DB124 /* FavoritePhotoTableViewCell.swift in Sources */ = {isa = PBXBuildFile; fileRef = 9C5E5345292EFD13006DB124 /* FavoritePhotoTableViewCell.swift */; };
		9C5E534C293523AA006DB124 /* AlertPresenter.swift in Sources */ = {isa = PBXBuildFile; fileRef = 9C5E534B293523AA006DB124 /* AlertPresenter.swift */; };
		9C5E534E29371816006DB124 /* BottomRefreshControl.swift in Sources */ = {isa = PBXBuildFile; fileRef = 9C5E534D29371816006DB124 /* BottomRefreshControl.swift */; };
		9C60BF492926965C003B3978 /* PhotoDetailsViewModel.swift in Sources */ = {isa = PBXBuildFile; fileRef = 9C60BF482926965C003B3978 /* PhotoDetailsViewModel.swift */; };
		9C60BF4E292AA59C003B3978 /* PhotoInfoView.swift in Sources */ = {isa = PBXBuildFile; fileRef = 9C60BF4D292AA59C003B3978 /* PhotoInfoView.swift */; };
		9C60BF50292B074B003B3978 /* InfoViewController.swift in Sources */ = {isa = PBXBuildFile; fileRef = 9C60BF4F292B074B003B3978 /* InfoViewController.swift */; };
		9C82CF922924036100CC126D /* FavoritePhotosViewController.swift in Sources */ = {isa = PBXBuildFile; fileRef = 9C82CF912924036100CC126D /* FavoritePhotosViewController.swift */; };
		9C82CF942924712C00CC126D /* TabBarController.swift in Sources */ = {isa = PBXBuildFile; fileRef = 9C82CF932924712C00CC126D /* TabBarController.swift */; };
		9C82CF9629247D2B00CC126D /* PhotoDetailsViewController.swift in Sources */ = {isa = PBXBuildFile; fileRef = 9C82CF9529247D2B00CC126D /* PhotoDetailsViewController.swift */; };
		9C82CF9829247D9300CC126D /* PhotoDetailsView.swift in Sources */ = {isa = PBXBuildFile; fileRef = 9C82CF9729247D9300CC126D /* PhotoDetailsView.swift */; };
		9C82CF9A29248D5A00CC126D /* RoundButton.swift in Sources */ = {isa = PBXBuildFile; fileRef = 9C82CF9929248D5A00CC126D /* RoundButton.swift */; };
		9C82CF9C2924ADB100CC126D /* ImageScrollView.swift in Sources */ = {isa = PBXBuildFile; fileRef = 9C82CF9B2924ADB100CC126D /* ImageScrollView.swift */; };
		9C8389C22952921B00789D91 /* GradientBackgroundView.swift in Sources */ = {isa = PBXBuildFile; fileRef = 9C8389C12952921B00789D91 /* GradientBackgroundView.swift */; };
		9CCA2BF7291DE70500B4BCC5 /* AppDelegate.swift in Sources */ = {isa = PBXBuildFile; fileRef = 9CCA2BF6291DE70500B4BCC5 /* AppDelegate.swift */; };
		9CCA2BF9291DE70500B4BCC5 /* SceneDelegate.swift in Sources */ = {isa = PBXBuildFile; fileRef = 9CCA2BF8291DE70500B4BCC5 /* SceneDelegate.swift */; };
		9CCA2BFB291DE70500B4BCC5 /* SearchResultsViewController.swift in Sources */ = {isa = PBXBuildFile; fileRef = 9CCA2BFA291DE70500B4BCC5 /* SearchResultsViewController.swift */; };
		9CCA2C00291DE70600B4BCC5 /* Assets.xcassets in Resources */ = {isa = PBXBuildFile; fileRef = 9CCA2BFF291DE70600B4BCC5 /* Assets.xcassets */; };
		9CCA2C0B291E001700B4BCC5 /* ImageListView.swift in Sources */ = {isa = PBXBuildFile; fileRef = 9CCA2C0A291E001700B4BCC5 /* ImageListView.swift */; };
		9CCA2C0D291E0B6A00B4BCC5 /* PhotoFetchingManager.swift in Sources */ = {isa = PBXBuildFile; fileRef = 9CCA2C0C291E0B6A00B4BCC5 /* PhotoFetchingManager.swift */; };
		B66AE6BA2A2D6F4A00FE13AD /* LaunchScreen.storyboard in Resources */ = {isa = PBXBuildFile; fileRef = B66AE6B92A2D6F4A00FE13AD /* LaunchScreen.storyboard */; };
		B67794952A4E73390071E560 /* SearchResultsLayout.swift in Sources */ = {isa = PBXBuildFile; fileRef = B67794942A4E73390071E560 /* SearchResultsLayout.swift */; };
		B67794982A5264900071E560 /* CachedBriefPhotoInfo+CoreDataClass.swift in Sources */ = {isa = PBXBuildFile; fileRef = B67794962A5264900071E560 /* CachedBriefPhotoInfo+CoreDataClass.swift */; };
		B67794992A5264900071E560 /* CachedBriefPhotoInfo+CoreDataProperties.swift in Sources */ = {isa = PBXBuildFile; fileRef = B67794972A5264900071E560 /* CachedBriefPhotoInfo+CoreDataProperties.swift */; };
		B6A941942A3168E400C8254F /* AlertViewModel.swift in Sources */ = {isa = PBXBuildFile; fileRef = B6A941932A3168E400C8254F /* AlertViewModel.swift */; };
/* End PBXBuildFile section */

/* Begin PBXFileReference section */
		9C12FFBB292B3780001506FC /* PhotoInfoViewModel.swift */ = {isa = PBXFileReference; lastKnownFileType = sourcecode.swift; path = PhotoInfoViewModel.swift; sourceTree = "<group>"; };
		9C12FFC0292C607B001506FC /* PhotoBuddy.xcdatamodel */ = {isa = PBXFileReference; lastKnownFileType = wrapper.xcdatamodel; path = PhotoBuddy.xcdatamodel; sourceTree = "<group>"; };
		9C12FFCA292C75ED001506FC /* FavoritesViewModel.swift */ = {isa = PBXFileReference; lastKnownFileType = sourcecode.swift; path = FavoritesViewModel.swift; sourceTree = "<group>"; };
		9C12FFCC292C7734001506FC /* PhotoListViewModel.swift */ = {isa = PBXFileReference; lastKnownFileType = sourcecode.swift; path = PhotoListViewModel.swift; sourceTree = "<group>"; };
		9C12FFCE292DA7DD001506FC /* CoreDataStack.swift */ = {isa = PBXFileReference; lastKnownFileType = sourcecode.swift; path = CoreDataStack.swift; sourceTree = "<group>"; };
		9C45E16E2921CBD000547B6D /* BriefPhotoInfo.swift */ = {isa = PBXFileReference; lastKnownFileType = sourcecode.swift; path = BriefPhotoInfo.swift; sourceTree = "<group>"; };
		9C45E1712921D29A00547B6D /* PhotosResponse.swift */ = {isa = PBXFileReference; lastKnownFileType = sourcecode.swift; path = PhotosResponse.swift; sourceTree = "<group>"; };
		9C45E1732921D2A800547B6D /* DetailPhotoInfo.swift */ = {isa = PBXFileReference; lastKnownFileType = sourcecode.swift; path = DetailPhotoInfo.swift; sourceTree = "<group>"; };
		9C45E1752921D3DA00547B6D /* Location.swift */ = {isa = PBXFileReference; lastKnownFileType = sourcecode.swift; path = Location.swift; sourceTree = "<group>"; };
		9C45E17A2921E7AF00547B6D /* SearchResultsViewModel.swift */ = {isa = PBXFileReference; lastKnownFileType = sourcecode.swift; path = SearchResultsViewModel.swift; sourceTree = "<group>"; };
		9C45E17C2921E7C300547B6D /* CellViewModel.swift */ = {isa = PBXFileReference; lastKnownFileType = sourcecode.swift; path = CellViewModel.swift; sourceTree = "<group>"; };
		9C45E17E2921FA3900547B6D /* Box.swift */ = {isa = PBXFileReference; lastKnownFileType = sourcecode.swift; path = Box.swift; sourceTree = "<group>"; };
		9C45E18029231F4A00547B6D /* BlurHashDecode.swift */ = {isa = PBXFileReference; lastKnownFileType = sourcecode.swift; path = BlurHashDecode.swift; sourceTree = "<group>"; };
		9C45E1822923258700547B6D /* PhotoCell.swift */ = {isa = PBXFileReference; lastKnownFileType = sourcecode.swift; path = PhotoCell.swift; sourceTree = "<group>"; };
		9C5E5345292EFD13006DB124 /* FavoritePhotoTableViewCell.swift */ = {isa = PBXFileReference; lastKnownFileType = sourcecode.swift; path = FavoritePhotoTableViewCell.swift; sourceTree = "<group>"; };
		9C5E534B293523AA006DB124 /* AlertPresenter.swift */ = {isa = PBXFileReference; lastKnownFileType = sourcecode.swift; path = AlertPresenter.swift; sourceTree = "<group>"; };
		9C5E534D29371816006DB124 /* BottomRefreshControl.swift */ = {isa = PBXFileReference; lastKnownFileType = sourcecode.swift; path = BottomRefreshControl.swift; sourceTree = "<group>"; };
		9C60BF482926965C003B3978 /* PhotoDetailsViewModel.swift */ = {isa = PBXFileReference; lastKnownFileType = sourcecode.swift; path = PhotoDetailsViewModel.swift; sourceTree = "<group>"; };
		9C60BF4D292AA59C003B3978 /* PhotoInfoView.swift */ = {isa = PBXFileReference; lastKnownFileType = sourcecode.swift; path = PhotoInfoView.swift; sourceTree = "<group>"; };
		9C60BF4F292B074B003B3978 /* InfoViewController.swift */ = {isa = PBXFileReference; lastKnownFileType = sourcecode.swift; path = InfoViewController.swift; sourceTree = "<group>"; };
		9C82CF912924036100CC126D /* FavoritePhotosViewController.swift */ = {isa = PBXFileReference; lastKnownFileType = sourcecode.swift; path = FavoritePhotosViewController.swift; sourceTree = "<group>"; };
		9C82CF932924712C00CC126D /* TabBarController.swift */ = {isa = PBXFileReference; lastKnownFileType = sourcecode.swift; path = TabBarController.swift; sourceTree = "<group>"; };
		9C82CF9529247D2B00CC126D /* PhotoDetailsViewController.swift */ = {isa = PBXFileReference; lastKnownFileType = sourcecode.swift; path = PhotoDetailsViewController.swift; sourceTree = "<group>"; };
		9C82CF9729247D9300CC126D /* PhotoDetailsView.swift */ = {isa = PBXFileReference; lastKnownFileType = sourcecode.swift; path = PhotoDetailsView.swift; sourceTree = "<group>"; };
		9C82CF9929248D5A00CC126D /* RoundButton.swift */ = {isa = PBXFileReference; lastKnownFileType = sourcecode.swift; path = RoundButton.swift; sourceTree = "<group>"; };
		9C82CF9B2924ADB100CC126D /* ImageScrollView.swift */ = {isa = PBXFileReference; lastKnownFileType = sourcecode.swift; path = ImageScrollView.swift; sourceTree = "<group>"; };
		9C8389C12952921B00789D91 /* GradientBackgroundView.swift */ = {isa = PBXFileReference; lastKnownFileType = sourcecode.swift; path = GradientBackgroundView.swift; sourceTree = "<group>"; };
		9CCA2BF3291DE70500B4BCC5 /* PhotoBuddy.app */ = {isa = PBXFileReference; explicitFileType = wrapper.application; includeInIndex = 0; path = PhotoBuddy.app; sourceTree = BUILT_PRODUCTS_DIR; };
		9CCA2BF6291DE70500B4BCC5 /* AppDelegate.swift */ = {isa = PBXFileReference; lastKnownFileType = sourcecode.swift; path = AppDelegate.swift; sourceTree = "<group>"; };
		9CCA2BF8291DE70500B4BCC5 /* SceneDelegate.swift */ = {isa = PBXFileReference; lastKnownFileType = sourcecode.swift; path = SceneDelegate.swift; sourceTree = "<group>"; };
		9CCA2BFA291DE70500B4BCC5 /* SearchResultsViewController.swift */ = {isa = PBXFileReference; lastKnownFileType = sourcecode.swift; path = SearchResultsViewController.swift; sourceTree = "<group>"; };
		9CCA2BFF291DE70600B4BCC5 /* Assets.xcassets */ = {isa = PBXFileReference; lastKnownFileType = folder.assetcatalog; path = Assets.xcassets; sourceTree = "<group>"; };
		9CCA2C04291DE70600B4BCC5 /* Info.plist */ = {isa = PBXFileReference; lastKnownFileType = text.plist.xml; path = Info.plist; sourceTree = "<group>"; };
		9CCA2C0A291E001700B4BCC5 /* ImageListView.swift */ = {isa = PBXFileReference; lastKnownFileType = sourcecode.swift; path = ImageListView.swift; sourceTree = "<group>"; };
		9CCA2C0C291E0B6A00B4BCC5 /* PhotoFetchingManager.swift */ = {isa = PBXFileReference; lastKnownFileType = sourcecode.swift; path = PhotoFetchingManager.swift; sourceTree = "<group>"; };
		B66AE6B92A2D6F4A00FE13AD /* LaunchScreen.storyboard */ = {isa = PBXFileReference; lastKnownFileType = file.storyboard; path = LaunchScreen.storyboard; sourceTree = "<group>"; };
		B67794942A4E73390071E560 /* SearchResultsLayout.swift */ = {isa = PBXFileReference; lastKnownFileType = sourcecode.swift; path = SearchResultsLayout.swift; sourceTree = "<group>"; };
		B67794962A5264900071E560 /* CachedBriefPhotoInfo+CoreDataClass.swift */ = {isa = PBXFileReference; lastKnownFileType = sourcecode.swift; path = "CachedBriefPhotoInfo+CoreDataClass.swift"; sourceTree = "<group>"; };
		B67794972A5264900071E560 /* CachedBriefPhotoInfo+CoreDataProperties.swift */ = {isa = PBXFileReference; lastKnownFileType = sourcecode.swift; path = "CachedBriefPhotoInfo+CoreDataProperties.swift"; sourceTree = "<group>"; };
		B6A941932A3168E400C8254F /* AlertViewModel.swift */ = {isa = PBXFileReference; lastKnownFileType = sourcecode.swift; path = AlertViewModel.swift; sourceTree = "<group>"; };
/* End PBXFileReference section */

/* Begin PBXFrameworksBuildPhase section */
		9CCA2BF0291DE70500B4BCC5 /* Frameworks */ = {
			isa = PBXFrameworksBuildPhase;
			buildActionMask = 2147483647;
			files = (
			);
			runOnlyForDeploymentPostprocessing = 0;
		};
/* End PBXFrameworksBuildPhase section */

/* Begin PBXGroup section */
		9C45E1702921D27C00547B6D /* Model */ = {
			isa = PBXGroup;
			children = (
				B66AE6B52A2D6BB100FE13AD /* CoreData */,
				B67794962A5264900071E560 /* CachedBriefPhotoInfo+CoreDataClass.swift */,
				B67794972A5264900071E560 /* CachedBriefPhotoInfo+CoreDataProperties.swift */,
				9C45E16E2921CBD000547B6D /* BriefPhotoInfo.swift */,
				9C45E1712921D29A00547B6D /* PhotosResponse.swift */,
				9C45E1732921D2A800547B6D /* DetailPhotoInfo.swift */,
				9C45E1752921D3DA00547B6D /* Location.swift */,
			);
			path = Model;
			sourceTree = "<group>";
		};
		9C45E1772921D70800547B6D /* ReusableViews */ = {
			isa = PBXGroup;
			children = (
				9C82CF9929248D5A00CC126D /* RoundButton.swift */,
				9C5E534D29371816006DB124 /* BottomRefreshControl.swift */,
			);
			path = ReusableViews;
			sourceTree = "<group>";
		};
		9C45E1782921D72600547B6D /* Services */ = {
			isa = PBXGroup;
			children = (
				9CCA2C0C291E0B6A00B4BCC5 /* PhotoFetchingManager.swift */,
				9C45E17E2921FA3900547B6D /* Box.swift */,
				9C45E18029231F4A00547B6D /* BlurHashDecode.swift */,
				9C5E534B293523AA006DB124 /* AlertPresenter.swift */,
			);
			path = Services;
			sourceTree = "<group>";
		};
		9CCA2BEA291DE70500B4BCC5 = {
			isa = PBXGroup;
			children = (
				9CCA2BF5291DE70500B4BCC5 /* PhotoBuddy */,
				9CCA2BF4291DE70500B4BCC5 /* Products */,
			);
			sourceTree = "<group>";
		};
		9CCA2BF4291DE70500B4BCC5 /* Products */ = {
			isa = PBXGroup;
			children = (
				9CCA2BF3291DE70500B4BCC5 /* PhotoBuddy.app */,
			);
			name = Products;
			sourceTree = "<group>";
		};
		9CCA2BF5291DE70500B4BCC5 /* PhotoBuddy */ = {
			isa = PBXGroup;
			children = (
				B66AE6B42A2D6B5F00FE13AD /* App */,
				B66AE6A72A2C8C7700FE13AD /* Modules */,
				9C45E1702921D27C00547B6D /* Model */,
				9C45E1772921D70800547B6D /* ReusableViews */,
				9C45E1782921D72600547B6D /* Services */,
				B66AE6B62A2D6C0300FE13AD /* Resources */,
			);
			path = PhotoBuddy;
			sourceTree = "<group>";
		};
		B66AE6A72A2C8C7700FE13AD /* Modules */ = {
			isa = PBXGroup;
			children = (
				B66AE6B72A2D6C7000FE13AD /* Shared */,
				B66AE6A82A2CC87C00FE13AD /* SearchResultsScreen */,
				B66AE6AB2A2CC94400FE13AD /* FavoritePhotosScreen */,
				B66AE6AE2A2CCAFE00FE13AD /* PhotoDetailsScreen */,
				B66AE6B12A2CCC1C00FE13AD /* PhotoInfoScreen */,
			);
			path = Modules;
			sourceTree = "<group>";
		};
		B66AE6A82A2CC87C00FE13AD /* SearchResultsScreen */ = {
			isa = PBXGroup;
			children = (
				B66AE6A92A2CC88D00FE13AD /* View */,
				B66AE6AA2A2CC89400FE13AD /* ViewModel */,
			);
			path = SearchResultsScreen;
			sourceTree = "<group>";
		};
		B66AE6A92A2CC88D00FE13AD /* View */ = {
			isa = PBXGroup;
			children = (
				9CCA2BFA291DE70500B4BCC5 /* SearchResultsViewController.swift */,
				9CCA2C0A291E001700B4BCC5 /* ImageListView.swift */,
				9C45E1822923258700547B6D /* PhotoCell.swift */,
				B67794942A4E73390071E560 /* SearchResultsLayout.swift */,
			);
			path = View;
			sourceTree = "<group>";
		};
		B66AE6AA2A2CC89400FE13AD /* ViewModel */ = {
			isa = PBXGroup;
			children = (
				9C45E17A2921E7AF00547B6D /* SearchResultsViewModel.swift */,
				9C45E17C2921E7C300547B6D /* CellViewModel.swift */,
				B6A941932A3168E400C8254F /* AlertViewModel.swift */,
			);
			path = ViewModel;
			sourceTree = "<group>";
		};
		B66AE6AB2A2CC94400FE13AD /* FavoritePhotosScreen */ = {
			isa = PBXGroup;
			children = (
				B66AE6AC2A2CC95400FE13AD /* View */,
				B66AE6AD2A2CC95A00FE13AD /* ViewModel */,
			);
			path = FavoritePhotosScreen;
			sourceTree = "<group>";
		};
		B66AE6AC2A2CC95400FE13AD /* View */ = {
			isa = PBXGroup;
			children = (
				9C82CF912924036100CC126D /* FavoritePhotosViewController.swift */,
				9C5E5345292EFD13006DB124 /* FavoritePhotoTableViewCell.swift */,
				9C8389C12952921B00789D91 /* GradientBackgroundView.swift */,
			);
			path = View;
			sourceTree = "<group>";
		};
		B66AE6AD2A2CC95A00FE13AD /* ViewModel */ = {
			isa = PBXGroup;
			children = (
				9C12FFCA292C75ED001506FC /* FavoritesViewModel.swift */,
			);
			path = ViewModel;
			sourceTree = "<group>";
		};
		B66AE6AE2A2CCAFE00FE13AD /* PhotoDetailsScreen */ = {
			isa = PBXGroup;
			children = (
				B66AE6AF2A2CCB6D00FE13AD /* View */,
				B66AE6B02A2CCB7900FE13AD /* ViewModel */,
			);
			path = PhotoDetailsScreen;
			sourceTree = "<group>";
		};
		B66AE6AF2A2CCB6D00FE13AD /* View */ = {
			isa = PBXGroup;
			children = (
				9C82CF9529247D2B00CC126D /* PhotoDetailsViewController.swift */,
				9C82CF9729247D9300CC126D /* PhotoDetailsView.swift */,
				9C82CF9B2924ADB100CC126D /* ImageScrollView.swift */,
			);
			path = View;
			sourceTree = "<group>";
		};
		B66AE6B02A2CCB7900FE13AD /* ViewModel */ = {
			isa = PBXGroup;
			children = (
				9C60BF482926965C003B3978 /* PhotoDetailsViewModel.swift */,
			);
			path = ViewModel;
			sourceTree = "<group>";
		};
		B66AE6B12A2CCC1C00FE13AD /* PhotoInfoScreen */ = {
			isa = PBXGroup;
			children = (
				B66AE6B32A2CCC3300FE13AD /* View */,
				B66AE6B22A2CCC2B00FE13AD /* ViewModel */,
			);
			path = PhotoInfoScreen;
			sourceTree = "<group>";
		};
		B66AE6B22A2CCC2B00FE13AD /* ViewModel */ = {
			isa = PBXGroup;
			children = (
				9C12FFBB292B3780001506FC /* PhotoInfoViewModel.swift */,
			);
			path = ViewModel;
			sourceTree = "<group>";
		};
		B66AE6B32A2CCC3300FE13AD /* View */ = {
			isa = PBXGroup;
			children = (
				9C60BF4F292B074B003B3978 /* InfoViewController.swift */,
				9C60BF4D292AA59C003B3978 /* PhotoInfoView.swift */,
			);
			path = View;
			sourceTree = "<group>";
		};
		B66AE6B42A2D6B5F00FE13AD /* App */ = {
			isa = PBXGroup;
			children = (
				9CCA2C04291DE70600B4BCC5 /* Info.plist */,
				9CCA2BF6291DE70500B4BCC5 /* AppDelegate.swift */,
				9CCA2BF8291DE70500B4BCC5 /* SceneDelegate.swift */,
				9C82CF932924712C00CC126D /* TabBarController.swift */,
				B66AE6B92A2D6F4A00FE13AD /* LaunchScreen.storyboard */,
			);
			path = App;
			sourceTree = "<group>";
		};
		B66AE6B52A2D6BB100FE13AD /* CoreData */ = {
			isa = PBXGroup;
			children = (
				9C12FFCE292DA7DD001506FC /* CoreDataStack.swift */,
				9C12FFBF292C607B001506FC /* PhotoBuddy.xcdatamodeld */,
			);
			path = CoreData;
			sourceTree = "<group>";
		};
		B66AE6B62A2D6C0300FE13AD /* Resources */ = {
			isa = PBXGroup;
			children = (
				9CCA2BFF291DE70600B4BCC5 /* Assets.xcassets */,
			);
			path = Resources;
			sourceTree = "<group>";
		};
		B66AE6B72A2D6C7000FE13AD /* Shared */ = {
			isa = PBXGroup;
			children = (
				B66AE6B82A2D6C7900FE13AD /* ViewModels */,
			);
			path = Shared;
			sourceTree = "<group>";
		};
		B66AE6B82A2D6C7900FE13AD /* ViewModels */ = {
			isa = PBXGroup;
			children = (
				9C12FFCC292C7734001506FC /* PhotoListViewModel.swift */,
			);
			path = ViewModels;
			sourceTree = "<group>";
		};
/* End PBXGroup section */

/* Begin PBXNativeTarget section */
		9CCA2BF2291DE70500B4BCC5 /* PhotoBuddy */ = {
			isa = PBXNativeTarget;
			buildConfigurationList = 9CCA2C07291DE70600B4BCC5 /* Build configuration list for PBXNativeTarget "PhotoBuddy" */;
			buildPhases = (
				9CCA2BEF291DE70500B4BCC5 /* Sources */,
				9CCA2BF0291DE70500B4BCC5 /* Frameworks */,
				9CCA2BF1291DE70500B4BCC5 /* Resources */,
			);
			buildRules = (
			);
			dependencies = (
			);
			name = PhotoBuddy;
			productName = SimpleUnsplashPhoto;
			productReference = 9CCA2BF3291DE70500B4BCC5 /* PhotoBuddy.app */;
			productType = "com.apple.product-type.application";
		};
/* End PBXNativeTarget section */

/* Begin PBXProject section */
		9CCA2BEB291DE70500B4BCC5 /* Project object */ = {
			isa = PBXProject;
			attributes = {
				BuildIndependentTargetsInParallel = 1;
				LastSwiftUpdateCheck = 1410;
				LastUpgradeCheck = 1410;
				TargetAttributes = {
					9CCA2BF2291DE70500B4BCC5 = {
						CreatedOnToolsVersion = 14.1;
					};
				};
			};
			buildConfigurationList = 9CCA2BEE291DE70500B4BCC5 /* Build configuration list for PBXProject "PhotoBuddy" */;
			compatibilityVersion = "Xcode 14.0";
			developmentRegion = en;
			hasScannedForEncodings = 0;
			knownRegions = (
				en,
				Base,
			);
			mainGroup = 9CCA2BEA291DE70500B4BCC5;
			productRefGroup = 9CCA2BF4291DE70500B4BCC5 /* Products */;
			projectDirPath = "";
			projectRoot = "";
			targets = (
				9CCA2BF2291DE70500B4BCC5 /* PhotoBuddy */,
			);
		};
/* End PBXProject section */

/* Begin PBXResourcesBuildPhase section */
		9CCA2BF1291DE70500B4BCC5 /* Resources */ = {
			isa = PBXResourcesBuildPhase;
			buildActionMask = 2147483647;
			files = (
				B66AE6BA2A2D6F4A00FE13AD /* LaunchScreen.storyboard in Resources */,
				9CCA2C00291DE70600B4BCC5 /* Assets.xcassets in Resources */,
			);
			runOnlyForDeploymentPostprocessing = 0;
		};
/* End PBXResourcesBuildPhase section */

/* Begin PBXSourcesBuildPhase section */
		9CCA2BEF291DE70500B4BCC5 /* Sources */ = {
			isa = PBXSourcesBuildPhase;
			buildActionMask = 2147483647;
			files = (
				9C45E1832923258700547B6D /* PhotoCell.swift in Sources */,
				9C82CF942924712C00CC126D /* TabBarController.swift in Sources */,
				9C45E16F2921CBD000547B6D /* BriefPhotoInfo.swift in Sources */,
				B6A941942A3168E400C8254F /* AlertViewModel.swift in Sources */,
				9C45E18129231F4A00547B6D /* BlurHashDecode.swift in Sources */,
				9C82CF9A29248D5A00CC126D /* RoundButton.swift in Sources */,
				9C12FFBC292B3780001506FC /* PhotoInfoViewModel.swift in Sources */,
				9C5E534E29371816006DB124 /* BottomRefreshControl.swift in Sources */,
				9C45E1742921D2A800547B6D /* DetailPhotoInfo.swift in Sources */,
				9C82CF9829247D9300CC126D /* PhotoDetailsView.swift in Sources */,
				9C45E17D2921E7C300547B6D /* CellViewModel.swift in Sources */,
				9CCA2BFB291DE70500B4BCC5 /* SearchResultsViewController.swift in Sources */,
				9C60BF492926965C003B3978 /* PhotoDetailsViewModel.swift in Sources */,
				9CCA2BF7291DE70500B4BCC5 /* AppDelegate.swift in Sources */,
				B67794992A5264900071E560 /* CachedBriefPhotoInfo+CoreDataProperties.swift in Sources */,
				9C5E5346292EFD13006DB124 /* FavoritePhotoTableViewCell.swift in Sources */,
				9C45E1762921D3DA00547B6D /* Location.swift in Sources */,
				9CCA2C0B291E001700B4BCC5 /* ImageListView.swift in Sources */,
				9C12FFCF292DA7DD001506FC /* CoreDataStack.swift in Sources */,
				9CCA2C0D291E0B6A00B4BCC5 /* PhotoFetchingManager.swift in Sources */,
				9C60BF4E292AA59C003B3978 /* PhotoInfoView.swift in Sources */,
				9C45E1722921D29A00547B6D /* PhotosResponse.swift in Sources */,
				9C45E17F2921FA3900547B6D /* Box.swift in Sources */,
				9C12FFCD292C7734001506FC /* PhotoListViewModel.swift in Sources */,
				9CCA2BF9291DE70500B4BCC5 /* SceneDelegate.swift in Sources */,
				B67794952A4E73390071E560 /* SearchResultsLayout.swift in Sources */,
				B67794982A5264900071E560 /* CachedBriefPhotoInfo+CoreDataClass.swift in Sources */,
				9C82CF9629247D2B00CC126D /* PhotoDetailsViewController.swift in Sources */,
				9C82CF9C2924ADB100CC126D /* ImageScrollView.swift in Sources */,
				9C12FFCB292C75ED001506FC /* FavoritesViewModel.swift in Sources */,
				9C12FFC1292C607B001506FC /* PhotoBuddy.xcdatamodeld in Sources */,
				9C45E17B2921E7AF00547B6D /* SearchResultsViewModel.swift in Sources */,
				9C82CF922924036100CC126D /* FavoritePhotosViewController.swift in Sources */,
				9C60BF50292B074B003B3978 /* InfoViewController.swift in Sources */,
				9C8389C22952921B00789D91 /* GradientBackgroundView.swift in Sources */,
				9C5E534C293523AA006DB124 /* AlertPresenter.swift in Sources */,
			);
			runOnlyForDeploymentPostprocessing = 0;
		};
/* End PBXSourcesBuildPhase section */

/* Begin XCBuildConfiguration section */
		9CCA2C05291DE70600B4BCC5 /* Debug */ = {
			isa = XCBuildConfiguration;
			buildSettings = {
				ALWAYS_SEARCH_USER_PATHS = NO;
				CLANG_ANALYZER_NONNULL = YES;
				CLANG_ANALYZER_NUMBER_OBJECT_CONVERSION = YES_AGGRESSIVE;
				CLANG_CXX_LANGUAGE_STANDARD = "gnu++20";
				CLANG_ENABLE_MODULES = YES;
				CLANG_ENABLE_OBJC_ARC = YES;
				CLANG_ENABLE_OBJC_WEAK = YES;
				CLANG_WARN_BLOCK_CAPTURE_AUTORELEASING = YES;
				CLANG_WARN_BOOL_CONVERSION = YES;
				CLANG_WARN_COMMA = YES;
				CLANG_WARN_CONSTANT_CONVERSION = YES;
				CLANG_WARN_DEPRECATED_OBJC_IMPLEMENTATIONS = YES;
				CLANG_WARN_DIRECT_OBJC_ISA_USAGE = YES_ERROR;
				CLANG_WARN_DOCUMENTATION_COMMENTS = YES;
				CLANG_WARN_EMPTY_BODY = YES;
				CLANG_WARN_ENUM_CONVERSION = YES;
				CLANG_WARN_INFINITE_RECURSION = YES;
				CLANG_WARN_INT_CONVERSION = YES;
				CLANG_WARN_NON_LITERAL_NULL_CONVERSION = YES;
				CLANG_WARN_OBJC_IMPLICIT_RETAIN_SELF = YES;
				CLANG_WARN_OBJC_LITERAL_CONVERSION = YES;
				CLANG_WARN_OBJC_ROOT_CLASS = YES_ERROR;
				CLANG_WARN_QUOTED_INCLUDE_IN_FRAMEWORK_HEADER = YES;
				CLANG_WARN_RANGE_LOOP_ANALYSIS = YES;
				CLANG_WARN_STRICT_PROTOTYPES = YES;
				CLANG_WARN_SUSPICIOUS_MOVE = YES;
				CLANG_WARN_UNGUARDED_AVAILABILITY = YES_AGGRESSIVE;
				CLANG_WARN_UNREACHABLE_CODE = YES;
				CLANG_WARN__DUPLICATE_METHOD_MATCH = YES;
				COPY_PHASE_STRIP = NO;
				DEBUG_INFORMATION_FORMAT = dwarf;
				ENABLE_STRICT_OBJC_MSGSEND = YES;
				ENABLE_TESTABILITY = YES;
				GCC_C_LANGUAGE_STANDARD = gnu11;
				GCC_DYNAMIC_NO_PIC = NO;
				GCC_NO_COMMON_BLOCKS = YES;
				GCC_OPTIMIZATION_LEVEL = 0;
				GCC_PREPROCESSOR_DEFINITIONS = (
					"DEBUG=1",
					"$(inherited)",
				);
				GCC_WARN_64_TO_32_BIT_CONVERSION = YES;
				GCC_WARN_ABOUT_RETURN_TYPE = YES_ERROR;
				GCC_WARN_UNDECLARED_SELECTOR = YES;
				GCC_WARN_UNINITIALIZED_AUTOS = YES_AGGRESSIVE;
				GCC_WARN_UNUSED_FUNCTION = YES;
				GCC_WARN_UNUSED_VARIABLE = YES;
				IPHONEOS_DEPLOYMENT_TARGET = 14.0;
				MTL_ENABLE_DEBUG_INFO = INCLUDE_SOURCE;
				MTL_FAST_MATH = YES;
				ONLY_ACTIVE_ARCH = YES;
				SDKROOT = iphoneos;
				SWIFT_ACTIVE_COMPILATION_CONDITIONS = DEBUG;
				SWIFT_OPTIMIZATION_LEVEL = "-Onone";
			};
			name = Debug;
		};
		9CCA2C06291DE70600B4BCC5 /* Release */ = {
			isa = XCBuildConfiguration;
			buildSettings = {
				ALWAYS_SEARCH_USER_PATHS = NO;
				CLANG_ANALYZER_NONNULL = YES;
				CLANG_ANALYZER_NUMBER_OBJECT_CONVERSION = YES_AGGRESSIVE;
				CLANG_CXX_LANGUAGE_STANDARD = "gnu++20";
				CLANG_ENABLE_MODULES = YES;
				CLANG_ENABLE_OBJC_ARC = YES;
				CLANG_ENABLE_OBJC_WEAK = YES;
				CLANG_WARN_BLOCK_CAPTURE_AUTORELEASING = YES;
				CLANG_WARN_BOOL_CONVERSION = YES;
				CLANG_WARN_COMMA = YES;
				CLANG_WARN_CONSTANT_CONVERSION = YES;
				CLANG_WARN_DEPRECATED_OBJC_IMPLEMENTATIONS = YES;
				CLANG_WARN_DIRECT_OBJC_ISA_USAGE = YES_ERROR;
				CLANG_WARN_DOCUMENTATION_COMMENTS = YES;
				CLANG_WARN_EMPTY_BODY = YES;
				CLANG_WARN_ENUM_CONVERSION = YES;
				CLANG_WARN_INFINITE_RECURSION = YES;
				CLANG_WARN_INT_CONVERSION = YES;
				CLANG_WARN_NON_LITERAL_NULL_CONVERSION = YES;
				CLANG_WARN_OBJC_IMPLICIT_RETAIN_SELF = YES;
				CLANG_WARN_OBJC_LITERAL_CONVERSION = YES;
				CLANG_WARN_OBJC_ROOT_CLASS = YES_ERROR;
				CLANG_WARN_QUOTED_INCLUDE_IN_FRAMEWORK_HEADER = YES;
				CLANG_WARN_RANGE_LOOP_ANALYSIS = YES;
				CLANG_WARN_STRICT_PROTOTYPES = YES;
				CLANG_WARN_SUSPICIOUS_MOVE = YES;
				CLANG_WARN_UNGUARDED_AVAILABILITY = YES_AGGRESSIVE;
				CLANG_WARN_UNREACHABLE_CODE = YES;
				CLANG_WARN__DUPLICATE_METHOD_MATCH = YES;
				COPY_PHASE_STRIP = NO;
				DEBUG_INFORMATION_FORMAT = "dwarf-with-dsym";
				ENABLE_NS_ASSERTIONS = NO;
				ENABLE_STRICT_OBJC_MSGSEND = YES;
				GCC_C_LANGUAGE_STANDARD = gnu11;
				GCC_NO_COMMON_BLOCKS = YES;
				GCC_WARN_64_TO_32_BIT_CONVERSION = YES;
				GCC_WARN_ABOUT_RETURN_TYPE = YES_ERROR;
				GCC_WARN_UNDECLARED_SELECTOR = YES;
				GCC_WARN_UNINITIALIZED_AUTOS = YES_AGGRESSIVE;
				GCC_WARN_UNUSED_FUNCTION = YES;
				GCC_WARN_UNUSED_VARIABLE = YES;
				IPHONEOS_DEPLOYMENT_TARGET = 14.0;
				MTL_ENABLE_DEBUG_INFO = NO;
				MTL_FAST_MATH = YES;
				SDKROOT = iphoneos;
				SWIFT_COMPILATION_MODE = wholemodule;
				SWIFT_OPTIMIZATION_LEVEL = "-O";
				VALIDATE_PRODUCT = YES;
			};
			name = Release;
		};
		9CCA2C08291DE70600B4BCC5 /* Debug */ = {
			isa = XCBuildConfiguration;
			buildSettings = {
				ASSETCATALOG_COMPILER_APPICON_NAME = AppIcon;
				ASSETCATALOG_COMPILER_GLOBAL_ACCENT_COLOR_NAME = AccentColor;
				CODE_SIGN_STYLE = Automatic;
				CURRENT_PROJECT_VERSION = 1;
				DEVELOPMENT_TEAM = D5XZHDVBDY;
				GENERATE_INFOPLIST_FILE = YES;
				INFOPLIST_FILE = PhotoBuddy/App/Info.plist;
				INFOPLIST_KEY_UIApplicationSupportsIndirectInputEvents = YES;
				INFOPLIST_KEY_UILaunchStoryboardName = LaunchScreen;
				INFOPLIST_KEY_UIMainStoryboardFile = "";
				INFOPLIST_KEY_UISupportedInterfaceOrientations_iPad = "UIInterfaceOrientationPortrait UIInterfaceOrientationPortraitUpsideDown UIInterfaceOrientationLandscapeLeft UIInterfaceOrientationLandscapeRight";
				INFOPLIST_KEY_UISupportedInterfaceOrientations_iPhone = "UIInterfaceOrientationPortrait UIInterfaceOrientationLandscapeLeft UIInterfaceOrientationLandscapeRight";
				LD_RUNPATH_SEARCH_PATHS = (
					"$(inherited)",
					"@executable_path/Frameworks",
				);
				MARKETING_VERSION = 1.0;
				PRODUCT_BUNDLE_IDENTIFIER = com.artemykv.PhotoBuddy;
				PRODUCT_NAME = "$(TARGET_NAME)";
				SWIFT_EMIT_LOC_STRINGS = YES;
				SWIFT_VERSION = 5.0;
				TARGETED_DEVICE_FAMILY = "1,2";
			};
			name = Debug;
		};
		9CCA2C09291DE70600B4BCC5 /* Release */ = {
			isa = XCBuildConfiguration;
			buildSettings = {
				ASSETCATALOG_COMPILER_APPICON_NAME = AppIcon;
				ASSETCATALOG_COMPILER_GLOBAL_ACCENT_COLOR_NAME = AccentColor;
				CODE_SIGN_STYLE = Automatic;
				CURRENT_PROJECT_VERSION = 1;
				DEVELOPMENT_TEAM = D5XZHDVBDY;
				GENERATE_INFOPLIST_FILE = YES;
				INFOPLIST_FILE = PhotoBuddy/App/Info.plist;
				INFOPLIST_KEY_UIApplicationSupportsIndirectInputEvents = YES;
				INFOPLIST_KEY_UILaunchStoryboardName = LaunchScreen;
				INFOPLIST_KEY_UIMainStoryboardFile = "";
				INFOPLIST_KEY_UISupportedInterfaceOrientations_iPad = "UIInterfaceOrientationPortrait UIInterfaceOrientationPortraitUpsideDown UIInterfaceOrientationLandscapeLeft UIInterfaceOrientationLandscapeRight";
				INFOPLIST_KEY_UISupportedInterfaceOrientations_iPhone = "UIInterfaceOrientationPortrait UIInterfaceOrientationLandscapeLeft UIInterfaceOrientationLandscapeRight";
				LD_RUNPATH_SEARCH_PATHS = (
					"$(inherited)",
					"@executable_path/Frameworks",
				);
				MARKETING_VERSION = 1.0;
				PRODUCT_BUNDLE_IDENTIFIER = com.artemykv.PhotoBuddy;
				PRODUCT_NAME = "$(TARGET_NAME)";
				SWIFT_EMIT_LOC_STRINGS = YES;
				SWIFT_VERSION = 5.0;
				TARGETED_DEVICE_FAMILY = "1,2";
			};
			name = Release;
		};
/* End XCBuildConfiguration section */

/* Begin XCConfigurationList section */
		9CCA2BEE291DE70500B4BCC5 /* Build configuration list for PBXProject "PhotoBuddy" */ = {
			isa = XCConfigurationList;
			buildConfigurations = (
				9CCA2C05291DE70600B4BCC5 /* Debug */,
				9CCA2C06291DE70600B4BCC5 /* Release */,
			);
			defaultConfigurationIsVisible = 0;
			defaultConfigurationName = Release;
		};
		9CCA2C07291DE70600B4BCC5 /* Build configuration list for PBXNativeTarget "PhotoBuddy" */ = {
			isa = XCConfigurationList;
			buildConfigurations = (
				9CCA2C08291DE70600B4BCC5 /* Debug */,
				9CCA2C09291DE70600B4BCC5 /* Release */,
			);
			defaultConfigurationIsVisible = 0;
			defaultConfigurationName = Release;
		};
/* End XCConfigurationList section */

/* Begin XCVersionGroup section */
		9C12FFBF292C607B001506FC /* PhotoBuddy.xcdatamodeld */ = {
			isa = XCVersionGroup;
			children = (
				9C12FFC0292C607B001506FC /* PhotoBuddy.xcdatamodel */,
			);
			currentVersion = 9C12FFC0292C607B001506FC /* PhotoBuddy.xcdatamodel */;
			path = PhotoBuddy.xcdatamodeld;
			sourceTree = "<group>";
			versionGroupType = wrapper.xcdatamodel;
		};
/* End XCVersionGroup section */
	};
	rootObject = 9CCA2BEB291DE70500B4BCC5 /* Project object */;
}
